
Microsoft Visual Studio Solution File, Format Version 12.00
# Visual Studio Version 17
VisualStudioVersion = 17.5.33414.496
MinimumVisualStudioVersion = 10.0.40219.1
Project("{2150E333-8FDC-42A3-9474-1A3956D46DE8}") = "Core", "Core", "{D5020FBA-492A-4407-AEF0-06D488162A9B}"
EndProject
Project("{2150E333-8FDC-42A3-9474-1A3956D46DE8}") = "Views", "Views", "{E5B2DC64-93E5-44AC-9DAB-3E6A33150C09}"
EndProject
Project("{2150E333-8FDC-42A3-9474-1A3956D46DE8}") = "Infrastructure", "Infrastructure", "{2B061166-169D-44D2-A88F-A639FF58D566}"
EndProject
Project("{2150E333-8FDC-42A3-9474-1A3956D46DE8}") = "Solution Items", "Solution Items", "{431A82E9-8EDF-432B-AC41-4A642CDDA173}"
	ProjectSection(SolutionItems) = preProject
		.editorconfig = .editorconfig
	EndProjectSection
EndProject
Project("{9A19103F-16F7-4668-BE54-9A1E7A4F7556}") = "HomeLayout.Api", "HomeLayout.Api\HomeLayout.Api.csproj", "{C0C50EDD-2194-47A6-B7B8-8BB6CFFE8C8F}"
EndProject
Project("{9A19103F-16F7-4668-BE54-9A1E7A4F7556}") = "HomeLayout.Common", "HomeLayout.Common\HomeLayout.Common.csproj", "{BED51192-AC5D-4EB6-A2F6-B97EDAE32B1F}"
EndProject
Project("{9A19103F-16F7-4668-BE54-9A1E7A4F7556}") = "HomeLayout.Domain", "HomeLayout.Domain\HomeLayout.Domain.csproj", "{AFBD6D09-95E5-4E47-B721-A5BAEB4E2FED}"
EndProject
Project("{9A19103F-16F7-4668-BE54-9A1E7A4F7556}") = "HomeLayout.Persistence", "HomeLayout.Persistence\HomeLayout.Persistence.csproj", "{10CC97DB-2DDA-424B-B5A6-5355D448196E}"
EndProject
Project("{9A19103F-16F7-4668-BE54-9A1E7A4F7556}") = "HomeLayout.Website", "HomeLayout.Website\HomeLayout.Website.csproj", "{5EA4F787-2D12-4C1B-BCAF-A72BF16C5581}"
EndProject
Project("{9A19103F-16F7-4668-BE54-9A1E7A4F7556}") = "HomeLayout.Application", "HomeLayout.Application\HomeLayout.Application.csproj", "{D83F93E2-E69B-42CC-9BF8-E66927238221}"
EndProject
Global
	GlobalSection(SolutionConfigurationPlatforms) = preSolution
		Debug|Any CPU = Debug|Any CPU
		Release|Any CPU = Release|Any CPU
	EndGlobalSection
	GlobalSection(ProjectConfigurationPlatforms) = postSolution
		{C0C50EDD-2194-47A6-B7B8-8BB6CFFE8C8F}.Debug|Any CPU.ActiveCfg = Debug|Any CPU
		{C0C50EDD-2194-47A6-B7B8-8BB6CFFE8C8F}.Debug|Any CPU.Build.0 = Debug|Any CPU
		{C0C50EDD-2194-47A6-B7B8-8BB6CFFE8C8F}.Release|Any CPU.ActiveCfg = Release|Any CPU
		{C0C50EDD-2194-47A6-B7B8-8BB6CFFE8C8F}.Release|Any CPU.Build.0 = Release|Any CPU
		{BED51192-AC5D-4EB6-A2F6-B97EDAE32B1F}.Debug|Any CPU.ActiveCfg = Debug|Any CPU
		{BED51192-AC5D-4EB6-A2F6-B97EDAE32B1F}.Debug|Any CPU.Build.0 = Debug|Any CPU
		{BED51192-AC5D-4EB6-A2F6-B97EDAE32B1F}.Release|Any CPU.ActiveCfg = Release|Any CPU
		{BED51192-AC5D-4EB6-A2F6-B97EDAE32B1F}.Release|Any CPU.Build.0 = Release|Any CPU
		{AFBD6D09-95E5-4E47-B721-A5BAEB4E2FED}.Debug|Any CPU.ActiveCfg = Debug|Any CPU
		{AFBD6D09-95E5-4E47-B721-A5BAEB4E2FED}.Debug|Any CPU.Build.0 = Debug|Any CPU
		{AFBD6D09-95E5-4E47-B721-A5BAEB4E2FED}.Release|Any CPU.ActiveCfg = Release|Any CPU
		{AFBD6D09-95E5-4E47-B721-A5BAEB4E2FED}.Release|Any CPU.Build.0 = Release|Any CPU
		{10CC97DB-2DDA-424B-B5A6-5355D448196E}.Debug|Any CPU.ActiveCfg = Debug|Any CPU
		{10CC97DB-2DDA-424B-B5A6-5355D448196E}.Debug|Any CPU.Build.0 = Debug|Any CPU
		{10CC97DB-2DDA-424B-B5A6-5355D448196E}.Release|Any CPU.ActiveCfg = Release|Any CPU
		{10CC97DB-2DDA-424B-B5A6-5355D448196E}.Release|Any CPU.Build.0 = Release|Any CPU
		{5EA4F787-2D12-4C1B-BCAF-A72BF16C5581}.Debug|Any CPU.ActiveCfg = Debug|Any CPU
		{5EA4F787-2D12-4C1B-BCAF-A72BF16C5581}.Debug|Any CPU.Build.0 = Debug|Any CPU
		{5EA4F787-2D12-4C1B-BCAF-A72BF16C5581}.Release|Any CPU.ActiveCfg = Release|Any CPU
		{5EA4F787-2D12-4C1B-BCAF-A72BF16C5581}.Release|Any CPU.Build.0 = Release|Any CPU
		{D83F93E2-E69B-42CC-9BF8-E66927238221}.Debug|Any CPU.ActiveCfg = Debug|Any CPU
		{D83F93E2-E69B-42CC-9BF8-E66927238221}.Debug|Any CPU.Build.0 = Debug|Any CPU
		{D83F93E2-E69B-42CC-9BF8-E66927238221}.Release|Any CPU.ActiveCfg = Release|Any CPU
		{D83F93E2-E69B-42CC-9BF8-E66927238221}.Release|Any CPU.Build.0 = Release|Any CPU
	EndGlobalSection
	GlobalSection(SolutionProperties) = preSolution
		HideSolutionNode = FALSE
	EndGlobalSection
	GlobalSection(NestedProjects) = preSolution
		{C0C50EDD-2194-47A6-B7B8-8BB6CFFE8C8F} = {E5B2DC64-93E5-44AC-9DAB-3E6A33150C09}
		{BED51192-AC5D-4EB6-A2F6-B97EDAE32B1F} = {D5020FBA-492A-4407-AEF0-06D488162A9B}
		{AFBD6D09-95E5-4E47-B721-A5BAEB4E2FED} = {D5020FBA-492A-4407-AEF0-06D488162A9B}
		{10CC97DB-2DDA-424B-B5A6-5355D448196E} = {2B061166-169D-44D2-A88F-A639FF58D566}
		{5EA4F787-2D12-4C1B-BCAF-A72BF16C5581} = {E5B2DC64-93E5-44AC-9DAB-3E6A33150C09}
		{D83F93E2-E69B-42CC-9BF8-E66927238221} = {D5020FBA-492A-4407-AEF0-06D488162A9B}
	EndGlobalSection
	GlobalSection(ExtensibilityGlobals) = postSolution
		SolutionGuid = {BB21A5EB-D0C4-463B-8DDA-A4D412B5733D}
	EndGlobalSection
EndGlobal
