
Microsoft Visual Studio Solution File, Format Version 12.00
# Visual Studio Version 17
VisualStudioVersion = 17.5.33414.496
MinimumVisualStudioVersion = 10.0.40219.1
Project("{9A19103F-16F7-4668-BE54-9A1E7A4F7556}") = "HomeAssistant.Website", "HomeAssistant.Website\HomeAssistant.Website.csproj", "{F31C05BC-3562-41DC-A7BD-43BE59DC0E69}"
EndProject
Project("{9A19103F-16F7-4668-BE54-9A1E7A4F7556}") = "HomeAssistant.Application", "HomeAssistant.Application\HomeAssistant.Application.csproj", "{A99EA419-122D-4035-98C0-0AF13534C497}"
EndProject
Project("{2150E333-8FDC-42A3-9474-1A3956D46DE8}") = "Core", "Core", "{D5020FBA-492A-4407-AEF0-06D488162A9B}"
EndProject
Project("{2150E333-8FDC-42A3-9474-1A3956D46DE8}") = "Views", "Views", "{E5B2DC64-93E5-44AC-9DAB-3E6A33150C09}"
EndProject
Project("{9A19103F-16F7-4668-BE54-9A1E7A4F7556}") = "HomeAssistant.Domain", "HomeAssistant.Domain\HomeAssistant.Domain.csproj", "{AE97CD40-3972-4DC2-BC4B-A3CC9F736952}"
EndProject
Project("{9A19103F-16F7-4668-BE54-9A1E7A4F7556}") = "HomeAssistant.Common", "HomeAssistant.Common\HomeAssistant.Common.csproj", "{DD86B75A-A6F4-48BF-B5C1-4B775951E2FF}"
EndProject
Project("{9A19103F-16F7-4668-BE54-9A1E7A4F7556}") = "HomeAssistant.Api", "HomeAssistant.Api\HomeAssistant.Api.csproj", "{85888C9C-D2B8-4D85-A0CE-6509F70AA801}"
EndProject
Project("{2150E333-8FDC-42A3-9474-1A3956D46DE8}") = "Infrastructure", "Infrastructure", "{2B061166-169D-44D2-A88F-A639FF58D566}"
EndProject
Project("{9A19103F-16F7-4668-BE54-9A1E7A4F7556}") = "HomeAssistant.Persistence", "HomeAssistant.Persistence\HomeAssistant.Persistence.csproj", "{6DDB6FAB-839D-4674-995F-5D806ADB33B0}"
EndProject
Project("{2150E333-8FDC-42A3-9474-1A3956D46DE8}") = "Solution Items", "Solution Items", "{431A82E9-8EDF-432B-AC41-4A642CDDA173}"
	ProjectSection(SolutionItems) = preProject
		.editorconfig = .editorconfig
	EndProjectSection
EndProject
Global
	GlobalSection(SolutionConfigurationPlatforms) = preSolution
		Debug|Any CPU = Debug|Any CPU
		Release|Any CPU = Release|Any CPU
	EndGlobalSection
	GlobalSection(ProjectConfigurationPlatforms) = postSolution
		{F31C05BC-3562-41DC-A7BD-43BE59DC0E69}.Debug|Any CPU.ActiveCfg = Debug|Any CPU
		{F31C05BC-3562-41DC-A7BD-43BE59DC0E69}.Debug|Any CPU.Build.0 = Debug|Any CPU
		{F31C05BC-3562-41DC-A7BD-43BE59DC0E69}.Release|Any CPU.ActiveCfg = Release|Any CPU
		{F31C05BC-3562-41DC-A7BD-43BE59DC0E69}.Release|Any CPU.Build.0 = Release|Any CPU
		{A99EA419-122D-4035-98C0-0AF13534C497}.Debug|Any CPU.ActiveCfg = Debug|Any CPU
		{A99EA419-122D-4035-98C0-0AF13534C497}.Debug|Any CPU.Build.0 = Debug|Any CPU
		{A99EA419-122D-4035-98C0-0AF13534C497}.Release|Any CPU.ActiveCfg = Release|Any CPU
		{A99EA419-122D-4035-98C0-0AF13534C497}.Release|Any CPU.Build.0 = Release|Any CPU
		{AE97CD40-3972-4DC2-BC4B-A3CC9F736952}.Debug|Any CPU.ActiveCfg = Debug|Any CPU
		{AE97CD40-3972-4DC2-BC4B-A3CC9F736952}.Debug|Any CPU.Build.0 = Debug|Any CPU
		{AE97CD40-3972-4DC2-BC4B-A3CC9F736952}.Release|Any CPU.ActiveCfg = Release|Any CPU
		{AE97CD40-3972-4DC2-BC4B-A3CC9F736952}.Release|Any CPU.Build.0 = Release|Any CPU
		{DD86B75A-A6F4-48BF-B5C1-4B775951E2FF}.Debug|Any CPU.ActiveCfg = Debug|Any CPU
		{DD86B75A-A6F4-48BF-B5C1-4B775951E2FF}.Debug|Any CPU.Build.0 = Debug|Any CPU
		{DD86B75A-A6F4-48BF-B5C1-4B775951E2FF}.Release|Any CPU.ActiveCfg = Release|Any CPU
		{DD86B75A-A6F4-48BF-B5C1-4B775951E2FF}.Release|Any CPU.Build.0 = Release|Any CPU
		{85888C9C-D2B8-4D85-A0CE-6509F70AA801}.Debug|Any CPU.ActiveCfg = Debug|Any CPU
		{85888C9C-D2B8-4D85-A0CE-6509F70AA801}.Debug|Any CPU.Build.0 = Debug|Any CPU
		{85888C9C-D2B8-4D85-A0CE-6509F70AA801}.Release|Any CPU.ActiveCfg = Release|Any CPU
		{85888C9C-D2B8-4D85-A0CE-6509F70AA801}.Release|Any CPU.Build.0 = Release|Any CPU
		{6DDB6FAB-839D-4674-995F-5D806ADB33B0}.Debug|Any CPU.ActiveCfg = Debug|Any CPU
		{6DDB6FAB-839D-4674-995F-5D806ADB33B0}.Debug|Any CPU.Build.0 = Debug|Any CPU
		{6DDB6FAB-839D-4674-995F-5D806ADB33B0}.Release|Any CPU.ActiveCfg = Release|Any CPU
		{6DDB6FAB-839D-4674-995F-5D806ADB33B0}.Release|Any CPU.Build.0 = Release|Any CPU
	EndGlobalSection
	GlobalSection(SolutionProperties) = preSolution
		HideSolutionNode = FALSE
	EndGlobalSection
	GlobalSection(NestedProjects) = preSolution
		{F31C05BC-3562-41DC-A7BD-43BE59DC0E69} = {E5B2DC64-93E5-44AC-9DAB-3E6A33150C09}
		{A99EA419-122D-4035-98C0-0AF13534C497} = {D5020FBA-492A-4407-AEF0-06D488162A9B}
		{AE97CD40-3972-4DC2-BC4B-A3CC9F736952} = {D5020FBA-492A-4407-AEF0-06D488162A9B}
		{DD86B75A-A6F4-48BF-B5C1-4B775951E2FF} = {D5020FBA-492A-4407-AEF0-06D488162A9B}
		{85888C9C-D2B8-4D85-A0CE-6509F70AA801} = {E5B2DC64-93E5-44AC-9DAB-3E6A33150C09}
		{6DDB6FAB-839D-4674-995F-5D806ADB33B0} = {2B061166-169D-44D2-A88F-A639FF58D566}
	EndGlobalSection
	GlobalSection(ExtensibilityGlobals) = postSolution
		SolutionGuid = {BB21A5EB-D0C4-463B-8DDA-A4D412B5733D}
	EndGlobalSection
EndGlobal
